
Microsoft Visual Studio Solution File, Format Version 12.00
# Visual Studio 15
VisualStudioVersion = 15.0.26430.16
MinimumVisualStudioVersion = 10.0.40219.1
Project("{9A19103F-16F7-4668-BE54-9A1E7A4F7556}") = "Allergies", "Allergies.csproj", "{C9EDF42E-FA7C-4517-BD67-7085EA3BE256}"
EndProject
Global
	GlobalSection(SolutionConfigurationPlatforms) = preSolution
		Debug|Any CPU = Debug|Any CPU
		Release|Any CPU = Release|Any CPU
	EndGlobalSection
	GlobalSection(ProjectConfigurationPlatforms) = postSolution
		{C9EDF42E-FA7C-4517-BD67-7085EA3BE256}.Debug|Any CPU.ActiveCfg = Debug|Any CPU
		{C9EDF42E-FA7C-4517-BD67-7085EA3BE256}.Debug|Any CPU.Build.0 = Debug|Any CPU
		{C9EDF42E-FA7C-4517-BD67-7085EA3BE256}.Release|Any CPU.ActiveCfg = Release|Any CPU
		{C9EDF42E-FA7C-4517-BD67-7085EA3BE256}.Release|Any CPU.Build.0 = Release|Any CPU
	EndGlobalSection
	GlobalSection(SolutionProperties) = preSolution
		HideSolutionNode = FALSE
	EndGlobalSection
EndGlobal
