# This file is automatically @generated by Cargo.
# It is not intended for manual editing.
[[package]]
name = "cfg-if"
version = "0.1.10"
source = "registry+https://github.com/rust-lang/crates.io-index"
checksum = "4785bdd1c96b2a846b2bd7cc02e86b6b3dbf14e7e53446c4f54c92a361040822"

[[package]]
name = "hexlit"
version = "0.3.0"
source = "registry+https://github.com/rust-lang/crates.io-index"
checksum = "69aa1a28c1d74a0ca187d884e51ac5da9eed2972a30ad98b8cb78fd892e4a13a"

[[package]]
name = "proc-macro2"
version = "1.0.24"
source = "registry+https://github.com/rust-lang/crates.io-index"
checksum = "1e0704ee1a7e00d7bb417d0770ea303c1bccbabf0ef1667dae92b5967f5f8a71"
dependencies = [
 "unicode-xid",
]

[[package]]
name = "quote"
version = "1.0.7"
source = "registry+https://github.com/rust-lang/crates.io-index"
checksum = "aa563d17ecb180e500da1cfd2b028310ac758de548efdd203e18f283af693f37"
dependencies = [
 "proc-macro2",
]

[[package]]
name = "rstest"
version = "0.6.4"
source = "registry+https://github.com/rust-lang/crates.io-index"
checksum = "dec448bc157977efdc0a71369cf923915b0c4806b1b2449c3fb011071d6f7c38"
dependencies = [
 "cfg-if",
 "proc-macro2",
 "quote",
 "rustc_version",
 "syn",
]

[[package]]
name = "rstest_reuse"
version = "0.1.0"
source = "registry+https://github.com/rust-lang/crates.io-index"
checksum = "ea58a205448b6b691df0025d0871882c60ce66b46ee8b26217d68f794eb0f965"
dependencies = [
 "quote",
 "syn",
]

[[package]]
name = "rustc_version"
version = "0.2.3"
source = "registry+https://github.com/rust-lang/crates.io-index"
checksum = "138e3e0acb6c9fb258b19b67cb8abd63c00679d2851805ea151465464fe9030a"
dependencies = [
 "semver",
]

[[package]]
name = "semver"
version = "0.9.0"
source = "registry+https://github.com/rust-lang/crates.io-index"
checksum = "1d7eb9ef2c18661902cc47e535f9bc51b78acd254da71d375c2f6720d9a40403"
dependencies = [
 "semver-parser",
]

[[package]]
name = "semver-parser"
version = "0.7.0"
source = "registry+https://github.com/rust-lang/crates.io-index"
checksum = "388a1df253eca08550bef6c72392cfe7c30914bf41df5269b68cbd6ff8f570a3"

[[package]]
name = "syn"
version = "1.0.48"
source = "registry+https://github.com/rust-lang/crates.io-index"
checksum = "cc371affeffc477f42a221a1e4297aedcea33d47d19b61455588bd9d8f6b19ac"
dependencies = [
 "proc-macro2",
 "quote",
 "unicode-xid",
]

[[package]]
name = "unicode-xid"
version = "0.2.1"
source = "registry+https://github.com/rust-lang/crates.io-index"
checksum = "f7fe0bb3479651439c9112f72b6c505038574c9fbb575ed1bf3b797fa39dd564"

[[package]]
name = "xorcism"
version = "0.1.0"
dependencies = [
 "hexlit",
 "rstest",
 "rstest_reuse",
]
